{
  "name": "mcake",
  "version": "1.0.0",
  "lockfileVersion": 2,
  "requires": true,
  "packages": {
    "": {
      "name": "mcake",
      "version": "1.0.0",
      "license": "ISC",
      "dependencies": {
        "uview-ui": "^2.0.27"
      }
    },
    "node_modules/uview-ui": {
      "version": "2.0.27",
      "resolved": "https://registry.npmmirror.com/uview-ui/-/uview-ui-2.0.27.tgz",
      "integrity": "sha512-fl35rlguNPfXnwNoVv0w4zS1blFFxxSPuGR1+9SbpFGC33aiTBaoFWs/4Fppj0foS/kDCqSWcJiymNmQjPBD4g==",
      "engines": {
        "HBuilderX": "^3.1.0"
      }
    }
  },
  "dependencies": {
    "uview-ui": {
      "version": "2.0.27",
      "resolved": "https://registry.npmmirror.com/uview-ui/-/uview-ui-2.0.27.tgz",
      "integrity": "sha512-fl35rlguNPfXnwNoVv0w4zS1blFFxxSPuGR1+9SbpFGC33aiTBaoFWs/4Fppj0foS/kDCqSWcJiymNmQjPBD4g=="
    }
  }
}
